
Microsoft Visual Studio Solution File, Format Version 12.00
# Visual Studio Version 16
VisualStudioVersion = 16.0.35325.158
MinimumVisualStudioVersion = 10.0.40219.1
Project("{FAE04EC0-301F-11D3-BF4B-00C04F79EFBC}") = "CargaReembolso", "CargaReembolso\CargaReembolso.csproj", "{38A72921-46A3-4CE1-AF23-BA9FA393D600}"
EndProject
Project("{54435603-DBB4-11D2-8724-00A0C9A8B90C}") = "CargaReemb_setup", "CargaReemb_setup\CargaReemb_setup.vdproj", "{24041F4E-3BFB-41BD-94FD-D971C9B856F5}"
EndProject
Global
	GlobalSection(SolutionConfigurationPlatforms) = preSolution
		Debug|Any CPU = Debug|Any CPU
		Debug|x64 = Debug|x64
		Release|Any CPU = Release|Any CPU
		Release|x64 = Release|x64
	EndGlobalSection
	GlobalSection(ProjectConfigurationPlatforms) = postSolution
		{38A72921-46A3-4CE1-AF23-BA9FA393D600}.Debug|Any CPU.ActiveCfg = Debug|Any CPU
		{38A72921-46A3-4CE1-AF23-BA9FA393D600}.Debug|Any CPU.Build.0 = Debug|Any CPU
		{38A72921-46A3-4CE1-AF23-BA9FA393D600}.Debug|x64.ActiveCfg = Debug|x64
		{38A72921-46A3-4CE1-AF23-BA9FA393D600}.Debug|x64.Build.0 = Debug|x64
		{38A72921-46A3-4CE1-AF23-BA9FA393D600}.Release|Any CPU.ActiveCfg = Release|Any CPU
		{38A72921-46A3-4CE1-AF23-BA9FA393D600}.Release|Any CPU.Build.0 = Release|Any CPU
		{38A72921-46A3-4CE1-AF23-BA9FA393D600}.Release|x64.ActiveCfg = Release|x64
		{38A72921-46A3-4CE1-AF23-BA9FA393D600}.Release|x64.Build.0 = Release|x64
		{24041F4E-3BFB-41BD-94FD-D971C9B856F5}.Debug|Any CPU.ActiveCfg = Debug
		{24041F4E-3BFB-41BD-94FD-D971C9B856F5}.Debug|x64.ActiveCfg = Debug
		{24041F4E-3BFB-41BD-94FD-D971C9B856F5}.Release|Any CPU.ActiveCfg = Release
		{24041F4E-3BFB-41BD-94FD-D971C9B856F5}.Release|x64.ActiveCfg = Release
	EndGlobalSection
	GlobalSection(SolutionProperties) = preSolution
		HideSolutionNode = FALSE
	EndGlobalSection
	GlobalSection(ExtensibilityGlobals) = postSolution
		SolutionGuid = {1875DA26-A776-4111-8077-A7A363106F20}
	EndGlobalSection
EndGlobal
